{
  "version": 4,
  "terraform_version": "0.13.2",
  "serial": 201,
  "lineage": "150810d3-bd5d-086d-3201-411028f9d419",
  "outputs": {
    "instances_private_ips": {
      "value": [
        "11.11.11.7",
        "11.11.11.13",
        "11.11.11.14"
      ],
      "type": [
        "list",
        "string"
      ]
    },
    "instances_public_ips": {
      "value": [
        "18.206.174.54",
        "34.224.66.121",
        "34.230.35.34"
      ],
      "type": [
        "list",
        "string"
      ]
    }
  },
  "resources": [
    {
      "mode": "data",
      "type": "aws_instances",
      "name": "created",
      "provider": "provider[\"registry.terraform.io/hashicorp/aws\"]",
      "instances": [
        {
          "schema_version": 0,
          "attributes": {
            "filter": [
              {
                "name": "instance.group-id",
                "values": [
                  "sg-0f5daac780bcf15e6"
                ]
              }
            ],
            "id": "us-east-1",
            "ids": [
              "i-0e610404bcecea7b4",
              "i-0b85473deaa9623e3",
              "i-049706d3d86f726b3"
            ],
            "instance_state_names": null,
            "instance_tags": null,
            "private_ips": [
              "11.11.11.7",
              "11.11.11.13",
              "11.11.11.14"
            ],
            "public_ips": [
              "18.206.174.54",
              "34.224.66.121",
              "34.230.35.34"
            ]
          }
        }
      ]
    },
    {
      "mode": "managed",
      "type": "aws_key_pair",
      "name": "rke",
      "provider": "provider[\"registry.terraform.io/hashicorp/aws\"]",
      "instances": [
        {
          "schema_version": 1,
          "attributes": {
            "arn": "arn:aws:ec2:us-east-1:782402389479:key-pair/rke-key",
            "fingerprint": "a6:6d:32:f7:97:d7:6c:54:48:88:9c:f7:5f:c8:fd:bc",
            "id": "rke-key",
            "key_name": "rke-key",
            "key_name_prefix": null,
            "key_pair_id": "key-0d783e63ab07b37fe",
            "public_key": "ssh-rsa AAAAB3NzaC1yc2EAAAADAQABAAABAQCfeAJA2piRLMSvsniajC02/UnadvkXWz05Jb7P/sc5Qo/tIngHXpmiFnTu62zhwtynspFjjiG+1QAFHewwAdW65dzhFVcz8khSMPyrtgwTgI9VLG0P4YmgYA/44h2NlwxTOp7eHINblQcSy1xWsu1EFDRxGteqgCo+/A9VFXRv7D89B2mdRJ3zHD/cfXZNTmwdRxNfvlYcmXPO/N4i1QQy5Tif4S0A1bfJ+IZBqM1dlBStAAnnoSd3UKCNcbM4MEWZSPv5fr9Rf1RAIU9S5sYTlzeySwNoicdTQ182N4M6rz5ETBAPGKuG+o5tKMmYl0q8v7cAD3wpelZrqCruOKDn akhaled@akhaled-XPS-13-9350",
            "tags": null
          },
          "private": "eyJzY2hlbWFfdmVyc2lvbiI6IjEifQ==",
          "create_before_destroy": true
        }
      ]
    },
    {
      "module": "module.autoscaling_group",
      "mode": "managed",
      "type": "aws_autoscaling_group",
      "name": "autoscaling_group",
      "provider": "provider[\"registry.terraform.io/hashicorp/aws\"]",
      "instances": [
        {
          "schema_version": 0,
          "attributes": {
            "arn": "arn:aws:autoscaling:us-east-1:782402389479:autoScalingGroup:eae5c33a-424a-45d8-bc3c-df8875140fd3:autoScalingGroupName/rke",
            "availability_zones": [
              "us-east-1a"
            ],
            "default_cooldown": 300,
            "desired_capacity": 3,
            "enabled_metrics": null,
            "force_delete": false,
            "health_check_grace_period": 5,
            "health_check_type": "EC2",
            "id": "rke",
            "initial_lifecycle_hook": [],
            "launch_configuration": "rke20201031102851484400000001",
            "launch_template": [],
            "load_balancers": null,
            "max_instance_lifetime": 0,
            "max_size": 3,
            "metrics_granularity": "1Minute",
            "min_elb_capacity": null,
            "min_size": 3,
            "mixed_instances_policy": [],
            "name": "rke",
            "name_prefix": null,
            "placement_group": "",
            "protect_from_scale_in": false,
            "service_linked_role_arn": "arn:aws:iam::782402389479:role/aws-service-role/autoscaling.amazonaws.com/AWSServiceRoleForAutoScaling",
            "suspended_processes": null,
            "tag": [],
            "tags": null,
            "target_group_arns": null,
            "termination_policies": [
              "OldestInstance",
              "OldestLaunchConfiguration"
            ],
            "timeouts": null,
            "vpc_zone_identifier": [
              "subnet-07679d4d39974f896"
            ],
            "wait_for_capacity_timeout": "10m",
            "wait_for_elb_capacity": null
          },
          "private": "eyJlMmJmYjczMC1lY2FhLTExZTYtOGY4OC0zNDM2M2JjN2M0YzAiOnsiZGVsZXRlIjo2MDAwMDAwMDAwMDB9fQ==",
          "dependencies": [
            "aws_key_pair.rke",
            "module.autoscaling_group.aws_launch_configuration.launch_configuration",
            "module.security_group.aws_security_group.security_group",
            "module.vpc.aws_subnet.public_subnet",
            "module.vpc.aws_vpc.vpc"
          ],
          "create_before_destroy": true
        }
      ]
    },
    {
      "module": "module.autoscaling_group",
      "mode": "managed",
      "type": "aws_launch_configuration",
      "name": "launch_configuration",
      "provider": "provider[\"registry.terraform.io/hashicorp/aws\"]",
      "instances": [
        {
          "schema_version": 0,
          "attributes": {
            "arn": "arn:aws:autoscaling:us-east-1:782402389479:launchConfiguration:8c680fd6-fc0c-4193-8e10-d426904a3a97:launchConfigurationName/rke20201031102851484400000001",
            "associate_public_ip_address": true,
            "ebs_block_device": [],
            "ebs_optimized": false,
            "enable_monitoring": true,
            "ephemeral_block_device": [],
            "iam_instance_profile": "",
            "id": "rke20201031102851484400000001",
            "image_id": "ami-0817d428a6fb68645",
            "instance_type": "t2.medium",
            "key_name": "rke-key",
            "name": "rke20201031102851484400000001",
            "name_prefix": "rke",
            "placement_tenancy": null,
            "root_block_device": [
              {
                "delete_on_termination": true,
                "encrypted": false,
                "iops": 0,
                "volume_size": 10,
                "volume_type": "gp2"
              }
            ],
            "security_groups": [
              "sg-0f5daac780bcf15e6"
            ],
            "spot_price": "",
            "user_data": "1fefd9e1cfb696a6d390213ea0f1fe24f13ff32a",
            "user_data_base64": null,
            "vpc_classic_link_id": "",
            "vpc_classic_link_security_groups": null
          },
          "private": "bnVsbA==",
          "dependencies": [
            "aws_key_pair.rke",
            "module.security_group.aws_security_group.security_group",
            "module.vpc.aws_vpc.vpc"
          ],
          "create_before_destroy": true
        }
      ]
    },
    {
      "module": "module.security_group",
      "mode": "managed",
      "type": "aws_security_group",
      "name": "security_group",
      "provider": "provider[\"registry.terraform.io/hashicorp/aws\"]",
      "instances": [
        {
          "schema_version": 1,
          "attributes": {
            "arn": "arn:aws:ec2:us-east-1:782402389479:security-group/sg-0f5daac780bcf15e6",
            "description": "The security group for rke.",
            "egress": [],
            "id": "sg-0f5daac780bcf15e6",
            "ingress": [],
            "name": "rke",
            "name_prefix": "",
            "owner_id": "782402389479",
            "revoke_rules_on_delete": false,
            "tags": {
              "Name": "rke"
            },
            "timeouts": null,
            "vpc_id": "vpc-0c9bf6d95be32639e"
          },
          "private": "eyJlMmJmYjczMC1lY2FhLTExZTYtOGY4OC0zNDM2M2JjN2M0YzAiOnsiY3JlYXRlIjo2MDAwMDAwMDAwMDAsImRlbGV0ZSI6NjAwMDAwMDAwMDAwfSwic2NoZW1hX3ZlcnNpb24iOiIxIn0=",
          "dependencies": [
            "module.vpc.aws_vpc.vpc"
          ],
          "create_before_destroy": true
        }
      ]
    },
    {
      "module": "module.security_group",
      "mode": "managed",
      "type": "aws_security_group_rule",
      "name": "allow_all_outbound",
      "provider": "provider[\"registry.terraform.io/hashicorp/aws\"]",
      "instances": [
        {
          "schema_version": 2,
          "attributes": {
            "cidr_blocks": [
              "0.0.0.0/0"
            ],
            "description": "allow all outbound communications from the cluster nodes to the internet",
            "from_port": 0,
            "id": "sgrule-3027824016",
            "ipv6_cidr_blocks": null,
            "prefix_list_ids": null,
            "protocol": "-1",
            "security_group_id": "sg-0f5daac780bcf15e6",
            "self": false,
            "source_security_group_id": null,
            "to_port": 0,
            "type": "egress"
          },
          "private": "eyJzY2hlbWFfdmVyc2lvbiI6IjIifQ==",
          "dependencies": [
            "module.security_group.aws_security_group.security_group",
            "module.vpc.aws_vpc.vpc"
          ]
        }
      ]
    },
    {
      "module": "module.security_group",
      "mode": "managed",
      "type": "aws_security_group_rule",
      "name": "allow_node_to_node",
      "provider": "provider[\"registry.terraform.io/hashicorp/aws\"]",
      "instances": [
        {
          "schema_version": 2,
          "attributes": {
            "cidr_blocks": null,
            "description": "allow internal communication between the instances",
            "from_port": 0,
            "id": "sgrule-889901107",
            "ipv6_cidr_blocks": null,
            "prefix_list_ids": null,
            "protocol": "-1",
            "security_group_id": "sg-0f5daac780bcf15e6",
            "self": true,
            "source_security_group_id": null,
            "to_port": 65535,
            "type": "ingress"
          },
          "private": "eyJzY2hlbWFfdmVyc2lvbiI6IjIifQ==",
          "dependencies": [
            "module.security_group.aws_security_group.security_group",
            "module.vpc.aws_vpc.vpc"
          ]
        }
      ]
    },
    {
      "module": "module.security_group",
      "mode": "managed",
      "type": "aws_security_group_rule",
      "name": "allow_ssh_inbound",
      "provider": "provider[\"registry.terraform.io/hashicorp/aws\"]",
      "instances": [
        {
          "schema_version": 2,
          "attributes": {
            "cidr_blocks": [
              "0.0.0.0/0"
            ],
            "description": "allow ssh into the nodes from anywhere",
            "from_port": 22,
            "id": "sgrule-42486736",
            "ipv6_cidr_blocks": null,
            "prefix_list_ids": null,
            "protocol": "tcp",
            "security_group_id": "sg-0f5daac780bcf15e6",
            "self": false,
            "source_security_group_id": null,
            "to_port": 22,
            "type": "ingress"
          },
          "private": "eyJzY2hlbWFfdmVyc2lvbiI6IjIifQ==",
          "dependencies": [
            "module.security_group.aws_security_group.security_group",
            "module.vpc.aws_vpc.vpc"
          ]
        }
      ]
    },
    {
      "module": "module.security_group",
      "mode": "managed",
      "type": "aws_security_group_rule",
      "name": "allow_ssh_inbound_http",
      "provider": "provider[\"registry.terraform.io/hashicorp/aws\"]",
      "instances": [
        {
          "schema_version": 2,
          "attributes": {
            "cidr_blocks": [
              "0.0.0.0/0"
            ],
            "description": "allow ssh into the nodes from anywhere",
            "from_port": 80,
            "id": "sgrule-3020035685",
            "ipv6_cidr_blocks": null,
            "prefix_list_ids": null,
            "protocol": "tcp",
            "security_group_id": "sg-0f5daac780bcf15e6",
            "self": false,
            "source_security_group_id": null,
            "to_port": 80,
            "type": "ingress"
          },
          "private": "eyJzY2hlbWFfdmVyc2lvbiI6IjIifQ==",
          "dependencies": [
            "module.security_group.aws_security_group.security_group",
            "module.vpc.aws_vpc.vpc"
          ]
        }
      ]
    },
    {
      "module": "module.security_group",
      "mode": "managed",
      "type": "aws_security_group_rule",
      "name": "allow_ssh_inbound_https",
      "provider": "provider[\"registry.terraform.io/hashicorp/aws\"]",
      "instances": [
        {
          "schema_version": 2,
          "attributes": {
            "cidr_blocks": [
              "0.0.0.0/0"
            ],
            "description": "allow ssh into the nodes from anywhere",
            "from_port": 443,
            "id": "sgrule-1249770563",
            "ipv6_cidr_blocks": null,
            "prefix_list_ids": null,
            "protocol": "tcp",
            "security_group_id": "sg-0f5daac780bcf15e6",
            "self": false,
            "source_security_group_id": null,
            "to_port": 443,
            "type": "ingress"
          },
          "private": "eyJzY2hlbWFfdmVyc2lvbiI6IjIifQ==",
          "dependencies": [
            "module.security_group.aws_security_group.security_group",
            "module.vpc.aws_vpc.vpc"
          ]
        }
      ]
    },
    {
      "module": "module.security_group",
      "mode": "managed",
      "type": "aws_security_group_rule",
      "name": "allow_ssh_inbound_k8s",
      "provider": "provider[\"registry.terraform.io/hashicorp/aws\"]",
      "instances": [
        {
          "schema_version": 2,
          "attributes": {
            "cidr_blocks": [
              "0.0.0.0/0"
            ],
            "description": "allow ssh into the nodes from anywhere",
            "from_port": 6443,
            "id": "sgrule-428520933",
            "ipv6_cidr_blocks": null,
            "prefix_list_ids": null,
            "protocol": "tcp",
            "security_group_id": "sg-0f5daac780bcf15e6",
            "self": false,
            "source_security_group_id": null,
            "to_port": 6443,
            "type": "ingress"
          },
          "private": "eyJzY2hlbWFfdmVyc2lvbiI6IjIifQ==",
          "dependencies": [
            "module.security_group.aws_security_group.security_group",
            "module.vpc.aws_vpc.vpc"
          ]
        }
      ]
    },
    {
      "module": "module.vpc",
      "mode": "managed",
      "type": "aws_internet_gateway",
      "name": "internet_gateway",
      "provider": "provider[\"registry.terraform.io/hashicorp/aws\"]",
      "instances": [
        {
          "schema_version": 0,
          "attributes": {
            "arn": "arn:aws:ec2:us-east-1:782402389479:internet-gateway/igw-0ac90401e7d4f5f64",
            "id": "igw-0ac90401e7d4f5f64",
            "owner_id": "782402389479",
            "tags": {
              "Name": "rke-internet-gateway",
              "VPC": "rke"
            },
            "vpc_id": "vpc-0c9bf6d95be32639e"
          },
          "private": "bnVsbA==",
          "dependencies": [
            "module.vpc.aws_vpc.vpc"
          ]
        }
      ]
    },
    {
      "module": "module.vpc",
      "mode": "managed",
      "type": "aws_route",
      "name": "internet_gateway_route",
      "provider": "provider[\"registry.terraform.io/hashicorp/aws\"]",
      "instances": [
        {
          "schema_version": 0,
          "attributes": {
            "destination_cidr_block": "0.0.0.0/0",
            "destination_ipv6_cidr_block": "",
            "destination_prefix_list_id": "",
            "egress_only_gateway_id": "",
            "gateway_id": "igw-0ac90401e7d4f5f64",
            "id": "r-rtb-06c244ac255b5dd1d1080289494",
            "instance_id": "",
            "instance_owner_id": "",
            "local_gateway_id": "",
            "nat_gateway_id": "",
            "network_interface_id": "",
            "origin": "CreateRoute",
            "route_table_id": "rtb-06c244ac255b5dd1d",
            "state": "active",
            "timeouts": null,
            "transit_gateway_id": "",
            "vpc_peering_connection_id": ""
          },
          "private": "eyJlMmJmYjczMC1lY2FhLTExZTYtOGY4OC0zNDM2M2JjN2M0YzAiOnsiY3JlYXRlIjoxMjAwMDAwMDAwMDAsImRlbGV0ZSI6MzAwMDAwMDAwMDAwfX0=",
          "dependencies": [
            "module.vpc.aws_internet_gateway.internet_gateway",
            "module.vpc.aws_route_table.public_subnets_route_table",
            "module.vpc.aws_vpc.vpc"
          ]
        }
      ]
    },
    {
      "module": "module.vpc",
      "mode": "managed",
      "type": "aws_route_table",
      "name": "public_subnets_route_table",
      "provider": "provider[\"registry.terraform.io/hashicorp/aws\"]",
      "instances": [
        {
          "schema_version": 0,
          "attributes": {
            "id": "rtb-06c244ac255b5dd1d",
            "owner_id": "782402389479",
            "propagating_vgws": [],
            "route": [],
            "tags": {
              "Name": "rke-public-subnets-route-table",
              "VPC": "rke"
            },
            "vpc_id": "vpc-0c9bf6d95be32639e"
          },
          "private": "bnVsbA==",
          "dependencies": [
            "module.vpc.aws_vpc.vpc"
          ]
        }
      ]
    },
    {
      "module": "module.vpc",
      "mode": "managed",
      "type": "aws_route_table_association",
      "name": "public_subnets_route_table_association",
      "provider": "provider[\"registry.terraform.io/hashicorp/aws\"]",
      "instances": [
        {
          "schema_version": 0,
          "attributes": {
            "gateway_id": null,
            "id": "rtbassoc-001d6ddf63e2e7639",
            "route_table_id": "rtb-06c244ac255b5dd1d",
            "subnet_id": "subnet-07679d4d39974f896"
          },
          "private": "bnVsbA==",
          "dependencies": [
            "module.vpc.aws_route_table.public_subnets_route_table",
            "module.vpc.aws_subnet.public_subnet",
            "module.vpc.aws_vpc.vpc"
          ]
        }
      ]
    },
    {
      "module": "module.vpc",
      "mode": "managed",
      "type": "aws_subnet",
      "name": "public_subnet",
      "provider": "provider[\"registry.terraform.io/hashicorp/aws\"]",
      "instances": [
        {
          "schema_version": 1,
          "attributes": {
            "arn": "arn:aws:ec2:us-east-1:782402389479:subnet/subnet-07679d4d39974f896",
            "assign_ipv6_address_on_creation": false,
            "availability_zone": "us-east-1a",
            "availability_zone_id": "use1-az4",
            "cidr_block": "11.11.11.0/28",
            "id": "subnet-07679d4d39974f896",
            "ipv6_cidr_block": "",
            "ipv6_cidr_block_association_id": "",
            "map_public_ip_on_launch": true,
            "outpost_arn": "",
            "owner_id": "782402389479",
            "tags": null,
            "timeouts": null,
            "vpc_id": "vpc-0c9bf6d95be32639e"
          },
          "private": "eyJlMmJmYjczMC1lY2FhLTExZTYtOGY4OC0zNDM2M2JjN2M0YzAiOnsiY3JlYXRlIjo2MDAwMDAwMDAwMDAsImRlbGV0ZSI6MTIwMDAwMDAwMDAwMH0sInNjaGVtYV92ZXJzaW9uIjoiMSJ9",
          "dependencies": [
            "module.vpc.aws_vpc.vpc"
          ],
          "create_before_destroy": true
        }
      ]
    },
    {
      "module": "module.vpc",
      "mode": "managed",
      "type": "aws_vpc",
      "name": "vpc",
      "provider": "provider[\"registry.terraform.io/hashicorp/aws\"]",
      "instances": [
        {
          "schema_version": 1,
          "attributes": {
            "arn": "arn:aws:ec2:us-east-1:782402389479:vpc/vpc-0c9bf6d95be32639e",
            "assign_generated_ipv6_cidr_block": false,
            "cidr_block": "11.11.11.0/28",
            "default_network_acl_id": "acl-08ae4aeda9ac62270",
            "default_route_table_id": "rtb-0bd6b07948ea14320",
            "default_security_group_id": "sg-0d24ac40eaebd3659",
            "dhcp_options_id": "dopt-7d05fe07",
            "enable_classiclink": false,
            "enable_classiclink_dns_support": false,
            "enable_dns_hostnames": true,
            "enable_dns_support": true,
            "id": "vpc-0c9bf6d95be32639e",
            "instance_tenancy": "default",
            "ipv6_association_id": "",
            "ipv6_cidr_block": "",
            "main_route_table_id": "rtb-0bd6b07948ea14320",
            "owner_id": "782402389479",
            "tags": null
          },
          "private": "eyJzY2hlbWFfdmVyc2lvbiI6IjEifQ==",
          "create_before_destroy": true
        }
      ]
    }
  ]
}
